
Microsoft Visual Studio Solution File, Format Version 12.00
# Visual Studio Version 16
VisualStudioVersion = 16.0.31229.75
MinimumVisualStudioVersion = 10.0.40219.1
Project("{FAE04EC0-301F-11D3-BF4B-00C04F79EFBC}") = "Tamro.Web", "Tamro.Web\Tamro.Web.csproj", "{5BA54859-D1C4-48E4-9BA2-3FBDC6ADD60D}"
EndProject
Project("{FAE04EC0-301F-11D3-BF4B-00C04F79EFBC}") = "Tamro.Entities", "Tamro.Entities\Tamro.Entities.csproj", "{07D255B0-BD72-44BE-BA80-715E51FAFD38}"
EndProject
Project("{FAE04EC0-301F-11D3-BF4B-00C04F79EFBC}") = "Tamro.Common", "Tamro.Common\Tamro.Common.csproj", "{D4302F59-19D5-4119-9183-D3750AF81C8F}"
EndProject
Project("{FAE04EC0-301F-11D3-BF4B-00C04F79EFBC}") = "Tamro.Tests", "Tamro.Tests\Tamro.Tests.csproj", "{8453EB31-E334-41A8-BE9A-6EABE70E9474}"
EndProject
Global
	GlobalSection(SolutionConfigurationPlatforms) = preSolution
		Debug|Any CPU = Debug|Any CPU
		Release|Any CPU = Release|Any CPU
	EndGlobalSection
	GlobalSection(ProjectConfigurationPlatforms) = postSolution
		{5BA54859-D1C4-48E4-9BA2-3FBDC6ADD60D}.Debug|Any CPU.ActiveCfg = Debug|Any CPU
		{5BA54859-D1C4-48E4-9BA2-3FBDC6ADD60D}.Debug|Any CPU.Build.0 = Debug|Any CPU
		{5BA54859-D1C4-48E4-9BA2-3FBDC6ADD60D}.Release|Any CPU.ActiveCfg = Release|Any CPU
		{5BA54859-D1C4-48E4-9BA2-3FBDC6ADD60D}.Release|Any CPU.Build.0 = Release|Any CPU
		{07D255B0-BD72-44BE-BA80-715E51FAFD38}.Debug|Any CPU.ActiveCfg = Debug|Any CPU
		{07D255B0-BD72-44BE-BA80-715E51FAFD38}.Debug|Any CPU.Build.0 = Debug|Any CPU
		{07D255B0-BD72-44BE-BA80-715E51FAFD38}.Release|Any CPU.ActiveCfg = Release|Any CPU
		{07D255B0-BD72-44BE-BA80-715E51FAFD38}.Release|Any CPU.Build.0 = Release|Any CPU
		{D4302F59-19D5-4119-9183-D3750AF81C8F}.Debug|Any CPU.ActiveCfg = Debug|Any CPU
		{D4302F59-19D5-4119-9183-D3750AF81C8F}.Debug|Any CPU.Build.0 = Debug|Any CPU
		{D4302F59-19D5-4119-9183-D3750AF81C8F}.Release|Any CPU.ActiveCfg = Release|Any CPU
		{D4302F59-19D5-4119-9183-D3750AF81C8F}.Release|Any CPU.Build.0 = Release|Any CPU
		{8453EB31-E334-41A8-BE9A-6EABE70E9474}.Debug|Any CPU.ActiveCfg = Debug|Any CPU
		{8453EB31-E334-41A8-BE9A-6EABE70E9474}.Debug|Any CPU.Build.0 = Debug|Any CPU
		{8453EB31-E334-41A8-BE9A-6EABE70E9474}.Release|Any CPU.ActiveCfg = Release|Any CPU
		{8453EB31-E334-41A8-BE9A-6EABE70E9474}.Release|Any CPU.Build.0 = Release|Any CPU
	EndGlobalSection
	GlobalSection(SolutionProperties) = preSolution
		HideSolutionNode = FALSE
	EndGlobalSection
	GlobalSection(ExtensibilityGlobals) = postSolution
		SolutionGuid = {7ABE2AE3-4E77-43C6-A92A-ED4B6A5CA4A5}
	EndGlobalSection
EndGlobal
